// !$*UTF8*$!
{
	archiveVersion = 1;
	classes = {
	};
	objectVersion = 56;
	objects = {

/* Begin PBXBuildFile section */
		A1000001 /* VITConnectApp.swift */ = {isa = PBXBuildFile; fileRef = A1000002 /* VITConnectApp.swift */; };
		A1000003 /* ContentView.swift */ = {isa = PBXBuildFile; fileRef = A1000004 /* ContentView.swift */; };
		A1000010 /* User.swift */ = {isa = PBXBuildFile; fileRef = A1000009 /* User.swift */; };
		A1000012 /* Attendance.swift */ = {isa = PBXBuildFile; fileRef = A1000011 /* Attendance.swift */; };
		A1000014 /* Grade.swift */ = {isa = PBXBuildFile; fileRef = A1000013 /* Grade.swift */; };
		A1000016 /* Timetable.swift */ = {isa = PBXBuildFile; fileRef = A1000015 /* Timetable.swift */; };
		A1000018 /* MessMenu.swift */ = {isa = PBXBuildFile; fileRef = A1000017 /* MessMenu.swift */; };
		A1000020 /* Faculty.swift */ = {isa = PBXBuildFile; fileRef = A1000019 /* Faculty.swift */; };
		A1000022 /* CabShare.swift */ = {isa = PBXBuildFile; fileRef = A1000021 /* CabShare.swift */; };
		A1000024 /* Theme.swift */ = {isa = PBXBuildFile; fileRef = A1000023 /* Theme.swift */; };
		A1000026 /* AuthManager.swift */ = {isa = PBXBuildFile; fileRef = A1000025 /* AuthManager.swift */; };
		A1000028 /* LoginView.swift */ = {isa = PBXBuildFile; fileRef = A1000027 /* LoginView.swift */; };
		A1000030 /* MainTabView.swift */ = {isa = PBXBuildFile; fileRef = A1000029 /* MainTabView.swift */; };
		A1000032 /* HomeView.swift */ = {isa = PBXBuildFile; fileRef = A1000031 /* HomeView.swift */; };
		A1000034 /* AttendanceView.swift */ = {isa = PBXBuildFile; fileRef = A1000033 /* AttendanceView.swift */; };
		A1000036 /* AcademicView.swift */ = {isa = PBXBuildFile; fileRef = A1000035 /* AcademicView.swift */; };
		A1000038 /* TimetableView.swift */ = {isa = PBXBuildFile; fileRef = A1000037 /* TimetableView.swift */; };
		A1000040 /* MessMenuView.swift */ = {isa = PBXBuildFile; fileRef = A1000039 /* MessMenuView.swift */; };
		A1000042 /* LaundryView.swift */ = {isa = PBXBuildFile; fileRef = A1000041 /* LaundryView.swift */; };
		A1000044 /* FriendsScheduleView.swift */ = {isa = PBXBuildFile; fileRef = A1000043 /* FriendsScheduleView.swift */; };
		A1000046 /* FacultyRatingView.swift */ = {isa = PBXBuildFile; fileRef = A1000045 /* FacultyRatingView.swift */; };
		A1000048 /* CabShareView.swift */ = {isa = PBXBuildFile; fileRef = A1000047 /* CabShareView.swift */; };
		A1000050 /* LostFoundView.swift */ = {isa = PBXBuildFile; fileRef = A1000049 /* LostFoundView.swift */; };
		A1000052 /* ThemeView.swift */ = {isa = PBXBuildFile; fileRef = A1000051 /* ThemeView.swift */; };
		A1000054 /* ProfileView.swift */ = {isa = PBXBuildFile; fileRef = A1000053 /* ProfileView.swift */; };
		A1000056 /* SettingsView.swift */ = {isa = PBXBuildFile; fileRef = A1000055 /* SettingsView.swift */; };
		A1000058 /* MoreView.swift */ = {isa = PBXBuildFile; fileRef = A1000057 /* MoreView.swift */; };
/* End PBXBuildFile section */

/* Begin PBXFileReference section */
		A1000000 /* VITConnect.app */ = {isa = PBXFileReference; explicitFileType = wrapper.application; includeInIndex = 0; path = VITConnect.app; sourceTree = BUILT_PRODUCTS_DIR; };
		A1000002 /* VITConnectApp.swift */ = {isa = PBXFileReference; lastKnownFileType = sourcecode.swift; path = VITConnectApp.swift; sourceTree = "<group>"; };
		A1000004 /* ContentView.swift */ = {isa = PBXFileReference; lastKnownFileType = sourcecode.swift; path = ContentView.swift; sourceTree = "<group>"; };
		A1000005 /* Info.plist */ = {isa = PBXFileReference; lastKnownFileType = text.plist.xml; path = Info.plist; sourceTree = "<group>"; };
		A1000009 /* User.swift */ = {isa = PBXFileReference; lastKnownFileType = sourcecode.swift; path = User.swift; sourceTree = "<group>"; };
		A1000011 /* Attendance.swift */ = {isa = PBXFileReference; lastKnownFileType = sourcecode.swift; path = Attendance.swift; sourceTree = "<group>"; };
		A1000013 /* Grade.swift */ = {isa = PBXFileReference; lastKnownFileType = sourcecode.swift; path = Grade.swift; sourceTree = "<group>"; };
		A1000015 /* Timetable.swift */ = {isa = PBXFileReference; lastKnownFileType = sourcecode.swift; path = Timetable.swift; sourceTree = "<group>"; };
		A1000017 /* MessMenu.swift */ = {isa = PBXFileReference; lastKnownFileType = sourcecode.swift; path = MessMenu.swift; sourceTree = "<group>"; };
		A1000019 /* Faculty.swift */ = {isa = PBXFileReference; lastKnownFileType = sourcecode.swift; path = Faculty.swift; sourceTree = "<group>"; };
		A1000021 /* CabShare.swift */ = {isa = PBXFileReference; lastKnownFileType = sourcecode.swift; path = CabShare.swift; sourceTree = "<group>"; };
		A1000023 /* Theme.swift */ = {isa = PBXFileReference; lastKnownFileType = sourcecode.swift; path = Theme.swift; sourceTree = "<group>"; };
		A1000025 /* AuthManager.swift */ = {isa = PBXFileReference; lastKnownFileType = sourcecode.swift; path = AuthManager.swift; sourceTree = "<group>"; };
		A1000027 /* LoginView.swift */ = {isa = PBXFileReference; lastKnownFileType = sourcecode.swift; path = LoginView.swift; sourceTree = "<group>"; };
		A1000029 /* MainTabView.swift */ = {isa = PBXFileReference; lastKnownFileType = sourcecode.swift; path = MainTabView.swift; sourceTree = "<group>"; };
		A1000031 /* HomeView.swift */ = {isa = PBXFileReference; lastKnownFileType = sourcecode.swift; path = HomeView.swift; sourceTree = "<group>"; };
		A1000033 /* AttendanceView.swift */ = {isa = PBXFileReference; lastKnownFileType = sourcecode.swift; path = AttendanceView.swift; sourceTree = "<group>"; };
		A1000035 /* AcademicView.swift */ = {isa = PBXFileReference; lastKnownFileType = sourcecode.swift; path = AcademicView.swift; sourceTree = "<group>"; };
		A1000037 /* TimetableView.swift */ = {isa = PBXFileReference; lastKnownFileType = sourcecode.swift; path = TimetableView.swift; sourceTree = "<group>"; };
		A1000039 /* MessMenuView.swift */ = {isa = PBXFileReference; lastKnownFileType = sourcecode.swift; path = MessMenuView.swift; sourceTree = "<group>"; };
		A1000041 /* LaundryView.swift */ = {isa = PBXFileReference; lastKnownFileType = sourcecode.swift; path = LaundryView.swift; sourceTree = "<group>"; };
		A1000043 /* FriendsScheduleView.swift */ = {isa = PBXFileReference; lastKnownFileType = sourcecode.swift; path = FriendsScheduleView.swift; sourceTree = "<group>"; };
		A1000045 /* FacultyRatingView.swift */ = {isa = PBXFileReference; lastKnownFileType = sourcecode.swift; path = FacultyRatingView.swift; sourceTree = "<group>"; };
		A1000047 /* CabShareView.swift */ = {isa = PBXFileReference; lastKnownFileType = sourcecode.swift; path = CabShareView.swift; sourceTree = "<group>"; };
		A1000049 /* LostFoundView.swift */ = {isa = PBXFileReference; lastKnownFileType = sourcecode.swift; path = LostFoundView.swift; sourceTree = "<group>"; };
		A1000051 /* ThemeView.swift */ = {isa = PBXFileReference; lastKnownFileType = sourcecode.swift; path = ThemeView.swift; sourceTree = "<group>"; };
		A1000053 /* ProfileView.swift */ = {isa = PBXFileReference; lastKnownFileType = sourcecode.swift; path = ProfileView.swift; sourceTree = "<group>"; };
		A1000055 /* SettingsView.swift */ = {isa = PBXFileReference; lastKnownFileType = sourcecode.swift; path = SettingsView.swift; sourceTree = "<group>"; };
		A1000057 /* MoreView.swift */ = {isa = PBXFileReference; lastKnownFileType = sourcecode.swift; path = MoreView.swift; sourceTree = "<group>"; };
/* End PBXFileReference section */

/* Begin PBXGroup section */
		A1000006 = {
			isa = PBXGroup;
			children = (
				A1000007 /* VITConnect */,
				A1000008 /* Products */,
			);
			sourceTree = "<group>";
		};
		A1000007 /* VITConnect */ = {
			isa = PBXGroup;
			children = (
				A1000002 /* VITConnectApp.swift */,
				A1000004 /* ContentView.swift */,
				A1000005 /* Info.plist */,
				A1000059 /* Models */,
				A1000060 /* Managers */,
				A1000061 /* Views */,
			);
			path = VITConnect;
			sourceTree = "<group>";
		};
		A1000008 /* Products */ = {
			isa = PBXGroup;
			children = (
				A1000000 /* VITConnect.app */,
			);
			name = Products;
			sourceTree = "<group>";
		};
		A1000059 /* Models */ = {
			isa = PBXGroup;
			children = (
				A1000009 /* User.swift */,
				A1000011 /* Attendance.swift */,
				A1000013 /* Grade.swift */,
				A1000015 /* Timetable.swift */,
				A1000017 /* MessMenu.swift */,
				A1000019 /* Faculty.swift */,
				A1000021 /* CabShare.swift */,
				A1000023 /* Theme.swift */,
			);
			path = Models;
			sourceTree = "<group>";
		};
		A1000060 /* Managers */ = {
			isa = PBXGroup;
			children = (
				A1000025 /* AuthManager.swift */,
			);
			path = Managers;
			sourceTree = "<group>";
		};
		A1000061 /* Views */ = {
			isa = PBXGroup;
			children = (
				A1000027 /* LoginView.swift */,
				A1000029 /* MainTabView.swift */,
				A1000031 /* HomeView.swift */,
				A1000033 /* AttendanceView.swift */,
				A1000035 /* AcademicView.swift */,
				A1000037 /* TimetableView.swift */,
				A1000039 /* MessMenuView.swift */,
				A1000041 /* LaundryView.swift */,
				A1000043 /* FriendsScheduleView.swift */,
				A1000045 /* FacultyRatingView.swift */,
				A1000047 /* CabShareView.swift */,
				A1000049 /* LostFoundView.swift */,
				A1000051 /* ThemeView.swift */,
				A1000053 /* ProfileView.swift */,
				A1000055 /* SettingsView.swift */,
				A1000057 /* MoreView.swift */,
			);
			path = Views;
			sourceTree = "<group>";
		};
/* End PBXGroup section */

/* Begin PBXNativeTarget section */
		A1000062 /* VITConnect */ = {
			isa = PBXNativeTarget;
			buildConfigurationList = A1000063 /* Build configuration list for PBXNativeTarget "VITConnect" */;
			buildPhases = (
				A1000011 /* Sources */,
				A1000012 /* Frameworks */,
				A1000013 /* Resources */,
			);
			buildRules = (
			);
			dependencies = (
			);
			name = VITConnect;
			productName = VITConnect;
			productReference = A1000000 /* VITConnect.app */;
			productType = "com.apple.product-type.application";
		};
/* End PBXNativeTarget section */

/* Begin PBXProject section */
		A1000014 /* Project object */ = {
			isa = PBXProject;
			attributes = {
				BuildIndependentTargetsInParallel = 1;
				LastSwiftUpdateCheck = 1500;
				LastUpgradeCheck = 1500;
			};
			buildConfigurationList = A1000015 /* Build configuration list for PBXProject "VITConnect" */;
			compatibilityVersion = "Xcode 14.0";
			developmentRegion = en;
			hasScannedForEncodings = 0;
			knownRegions = (
				en,
				Base,
			);
			mainGroup = A1000006;
			productRefGroup = A1000008 /* Products */;
			projectDirPath = "";
			projectRoot = "";
			targets = (
				A1000062 /* VITConnect */,
			);
		};
/* End PBXProject section */

/* Begin PBXResourcesBuildPhase section */
		A1000013 /* Resources */ = {
			isa = PBXResourcesBuildPhase;
			buildActionMask = 2147483647;
			files = (
			);
			runOnlyForDeploymentPostprocessing = 0;
		};
/* End PBXResourcesBuildPhase section */

/* Begin PBXSourcesBuildPhase section */
		A1000011 /* Sources */ = {
			isa = PBXSourcesBuildPhase;
			buildActionMask = 2147483647;
			files = (
				A1000001 /* VITConnectApp.swift in Sources */,
				A1000003 /* ContentView.swift in Sources */,
				A1000010 /* User.swift in Sources */,
				A1000012 /* Attendance.swift in Sources */,
				A1000014 /* Grade.swift in Sources */,
				A1000016 /* Timetable.swift in Sources */,
				A1000018 /* MessMenu.swift in Sources */,
				A1000020 /* Faculty.swift in Sources */,
				A1000022 /* CabShare.swift in Sources */,
				A1000024 /* Theme.swift in Sources */,
				A1000026 /* AuthManager.swift in Sources */,
				A1000028 /* LoginView.swift in Sources */,
				A1000030 /* MainTabView.swift in Sources */,
				A1000032 /* HomeView.swift in Sources */,
				A1000034 /* AttendanceView.swift in Sources */,
				A1000036 /* AcademicView.swift in Sources */,
				A1000038 /* TimetableView.swift in Sources */,
				A1000040 /* MessMenuView.swift in Sources */,
				A1000042 /* LaundryView.swift in Sources */,
				A1000044 /* FriendsScheduleView.swift in Sources */,
				A1000046 /* FacultyRatingView.swift in Sources */,
				A1000048 /* CabShareView.swift in Sources */,
				A1000050 /* LostFoundView.swift in Sources */,
				A1000052 /* ThemeView.swift in Sources */,
				A1000054 /* ProfileView.swift in Sources */,
				A1000056 /* SettingsView.swift in Sources */,
				A1000058 /* MoreView.swift in Sources */,
			);
			runOnlyForDeploymentPostprocessing = 0;
		};
/* End PBXSourcesBuildPhase section */

/* Begin XCBuildConfiguration section */
		A1000016 /* Debug */ = {
			isa = XCBuildConfiguration;
			buildSettings = {
				ALWAYS_SEARCH_HEADERS = NO;
				ASSETCATALOG_COMPILER_GENERATE_SWIFT_ASSET_SYMBOL_EXTENSIONS = YES;
				CLANG_ANALYZER_NONNULL = YES;
				CLANG_ANALYZER_NUMBER_OBJECT_CONVERSION = YES_AGGRESSIVE;
				CLANG_CXX_LANGUAGE_STANDARD = "gnu++20";
				CLANG_ENABLE_MODULES = YES;
				CLANG_ENABLE_OBJC_ARC = YES;
				CLANG_ENABLE_OBJC_WEAK = YES;
				CLANG_WARN_BLOCK_CAPTURE_AUTORELEASING = YES;
				CLANG_WARN_BOOL_CONVERSION = YES;
				CLANG_WARN_COMMA = YES;
				CLANG_WARN_CONSTANT_CONVERSION = YES;
				CLANG_WARN_DEPRECATED_OBJC_IMPLEMENTATIONS = YES;
				CLANG_WARN_DIRECT_OBJC_ISA_USAGE = YES_ERROR;
				CLANG_WARN_DOCUMENTATION_COMMENTS = YES;
				CLANG_WARN_EMPTY_BODY = YES;
				CLANG_WARN_ENUM_CONVERSION = YES;
				CLANG_WARN_INFINITE_RECURSION = YES;
				CLANG_WARN_INT_CONVERSION = YES;
				CLANG_WARN_NON_LITERAL_NULL_CONVERSION = YES;
				CLANG_WARN_OBJC_IMPLICIT_RETAIN_SELF = YES;
				CLANG_WARN_OBJC_LITERAL_CONVERSION = YES;
				CLANG_WARN_OBJC_ROOT_CLASS = YES_ERROR;
				CLANG_WARN_QUOTED_INCLUDE_IN_FRAMEWORK_HEADER = YES;
				CLANG_WARN_RANGE_LOOP_ANALYSIS = YES;
				CLANG_WARN_STRICT_PROTOTYPES = YES;
				CLANG_WARN_SUSPICIOUS_MOVE = YES;
				CLANG_WARN_UNGUARDED_AVAILABILITY = YES_AGGRESSIVE;
				CLANG_WARN_UNREACHABLE_CODE = YES;
				CLANG_WARN__DUPLICATE_METHOD_MATCH = YES;
				COPY_PHASE_STRIP = NO;
				DEBUG_INFORMATION_FORMAT = dwarf;
				ENABLE_STRICT_OBJC_MSGSEND = YES;
				ENABLE_TESTABILITY = YES;
				ENABLE_USER_SCRIPT_SANDBOXING = YES;
				GCC_C_LANGUAGE_STANDARD = gnu17;
				GCC_DYNAMIC_NO_PIC = NO;
				GCC_NO_COMMON_BLOCKS = YES;
				GCC_OPTIMIZATION_LEVEL = 0;
				GCC_PREPROCESSOR_DEFINITIONS = (
					"DEBUG=1",
					"$(inherited)",
				);
				GCC_WARN_64_TO_32_BIT_CONVERSION = YES;
				GCC_WARN_ABOUT_RETURN_TYPE = YES_ERROR;
				GCC_WARN_UNDECLARED_SELECTOR = YES;
				GCC_WARN_UNINITIALIZED_AUTOS = YES_AGGRESSIVE;
				GCC_WARN_UNUSED_FUNCTION = YES;
				GCC_WARN_UNUSED_VARIABLE = YES;
				IPHONEOS_DEPLOYMENT_TARGET = 16.0;
				LOCALIZATION_PREFERS_STRING_CATALOGS = YES;
				MTL_ENABLE_DEBUG_INFO = INCLUDE_SOURCE;
				MTL_FAST_MATH = YES;
				ONLY_ACTIVE_ARCH = YES;
				SDKROOT = iphoneos;
				SWIFT_ACTIVE_COMPILATION_CONDITIONS = "DEBUG $(inherited)";
				SWIFT_OPTIMIZATION_LEVEL = "-Onone";
			};
			name = Debug;
		};
		A1000017 /* Release */ = {
			isa = XCBuildConfiguration;
			buildSettings = {
				ALWAYS_SEARCH_HEADERS = NO;
				ASSETCATALOG_COMPILER_GENERATE_SWIFT_ASSET_SYMBOL_EXTENSIONS = YES;
				CLANG_ANALYZER_NONNULL = YES;
				CLANG_ANALYZER_NUMBER_OBJECT_CONVERSION = YES_AGGRESSIVE;
				CLANG_CXX_LANGUAGE_STANDARD = "gnu++20";
				CLANG_ENABLE_MODULES = YES;
				CLANG_ENABLE_OBJC_ARC = YES;
				CLANG_ENABLE_OBJC_WEAK = YES;
				CLANG_WARN_BLOCK_CAPTURE_AUTORELEASING = YES;
				CLANG_WARN_BOOL_CONVERSION = YES;
				CLANG_WARN_COMMA = YES;
				CLANG_WARN_CONSTANT_CONVERSION = YES;
				CLANG_WARN_DEPRECATED_OBJC_IMPLEMENTATIONS = YES;
				CLANG_WARN_DIRECT_OBJC_ISA_USAGE = YES_ERROR;
				CLANG_WARN_DOCUMENTATION_COMMENTS = YES;
				CLANG_WARN_EMPTY_BODY = YES;
				CLANG_WARN_ENUM_CONVERSION = YES;
				CLANG_WARN_INFINITE_RECURSION = YES;
				CLANG_WARN_INT_CONVERSION = YES;
				CLANG_WARN_NON_LITERAL_NULL_CONVERSION = YES;
				CLANG_WARN_OBJC_IMPLICIT_RETAIN_SELF = YES;
				CLANG_WARN_OBJC_LITERAL_CONVERSION = YES;
				CLANG_WARN_OBJC_ROOT_CLASS = YES_ERROR;
				CLANG_WARN_QUOTED_INCLUDE_IN_FRAMEWORK_HEADER = YES;
				CLANG_WARN_RANGE_LOOP_ANALYSIS = YES;
				CLANG_WARN_STRICT_PROTOTYPES = YES;
				CLANG_WARN_SUSPICIOUS_MOVE = YES;
				CLANG_WARN_UNGUARDED_AVAILABILITY = YES_AGGRESSIVE;
				CLANG_WARN_UNREACHABLE_CODE = YES;
				CLANG_WARN__DUPLICATE_METHOD_MATCH = YES;
				COPY_PHASE_STRIP = NO;
				DEBUG_INFORMATION_FORMAT = "dwarf-with-dsym";
				ENABLE_NS_ASSERTIONS = NO;
				ENABLE_STRICT_OBJC_MSGSEND = YES;
				ENABLE_USER_SCRIPT_SANDBOXING = YES;
				GCC_C_LANGUAGE_STANDARD = gnu17;
				GCC_NO_COMMON_BLOCKS = YES;
				GCC_WARN_64_TO_32_BIT_CONVERSION = YES;
				GCC_WARN_ABOUT_RETURN_TYPE = YES_ERROR;
				GCC_WARN_UNDECLARED_SELECTOR = YES;
				GCC_WARN_UNINITIALIZED_AUTOS = YES_AGGRESSIVE;
				GCC_WARN_UNUSED_FUNCTION = YES;
				GCC_WARN_UNUSED_VARIABLE = YES;
				IPHONEOS_DEPLOYMENT_TARGET = 16.0;
				LOCALIZATION_PREFERS_STRING_CATALOGS = YES;
				MTL_ENABLE_DEBUG_INFO = NO;
				MTL_FAST_MATH = YES;
				SDKROOT = iphoneos;
				SWIFT_COMPILATION_MODE = wholemodule;
				VALIDATE_PRODUCT = YES;
			};
			name = Release;
		};
		A1000018 /* Debug */ = {
			isa = XCBuildConfiguration;
			buildSettings = {
				ASSETCATALOG_COMPILER_APPICON_NAME = AppIcon;
				ASSETCATALOG_COMPILER_GLOBAL_ACCENT_COLOR_NAME = AccentColor;
				CODE_SIGN_STYLE = Automatic;
				CURRENT_PROJECT_VERSION = 1;
				DEVELOPMENT_TEAM = "";
				GENERATE_INFOPLIST_FILE = YES;
				INFOPLIST_FILE = VITConnect/Info.plist;
				INFOPLIST_KEY_UIApplicationSceneManifest_Generation = YES;
				INFOPLIST_KEY_UIApplicationSupportsIndirectInputEvents = YES;
				INFOPLIST_KEY_UILaunchScreen_Generation = YES;
				INFOPLIST_KEY_UISupportedInterfaceOrientations = UIInterfaceOrientationPortrait;
				INFOPLIST_KEY_UISupportedInterfaceOrientations_iPad = "UIInterfaceOrientationPortrait UIInterfaceOrientationPortraitUpsideDown UIInterfaceOrientationLandscapeLeft UIInterfaceOrientationLandscapeRight";
				INFOPLIST_KEY_UISupportedInterfaceOrientations_iPhone = "UIInterfaceOrientationPortrait UIInterfaceOrientationLandscapeLeft UIInterfaceOrientationLandscapeRight";
				LD_RUNPATH_SEARCH_PATHS = (
					"$(inherited)",
					"@executable_path/Frameworks",
				);
				MARKETING_VERSION = 1.0;
				PRODUCT_BUNDLE_IDENTIFIER = com.vitconnect.app;
				PRODUCT_NAME = "$(TARGET_NAME)";
				SWIFT_EMIT_LOC_STRINGS = YES;
				SWIFT_VERSION = 5.0;
				TARGETED_DEVICE_FAMILY = "1,2";
			};
			name = Debug;
		};
		A1000019 /* Release */ = {
			isa = XCBuildConfiguration;
			buildSettings = {
				ASSETCATALOG_COMPILER_APPICON_NAME = AppIcon;
				ASSETCATALOG_COMPILER_GLOBAL_ACCENT_COLOR_NAME = AccentColor;
				CODE_SIGN_STYLE = Automatic;
				CURRENT_PROJECT_VERSION = 1;
				DEVELOPMENT_TEAM = "";
				GENERATE_INFOPLIST_FILE = YES;
				INFOPLIST_FILE = VITConnect/Info.plist;
				INFOPLIST_KEY_UIApplicationSceneManifest_Generation = YES;
				INFOPLIST_KEY_UIApplicationSupportsIndirectInputEvents = YES;
				INFOPLIST_KEY_UILaunchScreen_Generation = YES;
				INFOPLIST_KEY_UISupportedInterfaceOrientations = UIInterfaceOrientationPortrait;
				INFOPLIST_KEY_UISupportedInterfaceOrientations_iPad = "UIInterfaceOrientationPortrait UIInterfaceOrientationPortraitUpsideDown UIInterfaceOrientationLandscapeLeft UIInterfaceOrientationLandscapeRight";
				INFOPLIST_KEY_UISupportedInterfaceOrientations_iPhone = "UIInterfaceOrientationPortrait UIInterfaceOrientationLandscapeLeft UIInterfaceOrientationLandscapeRight";
				LD_RUNPATH_SEARCH_PATHS = (
					"$(inherited)",
					"@executable_path/Frameworks",
				);
				MARKETING_VERSION = 1.0;
				PRODUCT_BUNDLE_IDENTIFIER = com.vitconnect.app;
				PRODUCT_NAME = "$(TARGET_NAME)";
				SWIFT_EMIT_LOC_STRINGS = YES;
				SWIFT_VERSION = 5.0;
				TARGETED_DEVICE_FAMILY = "1,2";
			};
			name = Release;
		};
/* End XCBuildConfiguration section */

/* Begin XCConfigurationList section */
		A1000063 /* Build configuration list for PBXNativeTarget "VITConnect" */ = {
			isa = XCConfigurationList;
			buildConfigurations = (
				A1000018 /* Debug */,
				A1000019 /* Release */,
			);
			defaultConfigurationIsVisible = 0;
			defaultConfigurationName = Release;
		};
		A1000015 /* Build configuration list for PBXProject "VITConnect" */ = {
			isa = XCConfigurationList;
			buildConfigurations = (
				A1000016 /* Debug */,
				A1000017 /* Release */,
			);
			defaultConfigurationIsVisible = 0;
			defaultConfigurationName = Release;
		};
/* End XCConfigurationList section */
	};
	rootObject = A1000014 /* Project object */;
}
